
Microsoft Visual Studio Solution File, Format Version 12.00
# Visual Studio Version 16
VisualStudioVersion = 16.0.29911.84
MinimumVisualStudioVersion = 10.0.40219.1
Project("{FAE04EC0-301F-11D3-BF4B-00C04F79EFBC}") = "bulletin_board", "bulletin_board\bulletin_board.csproj", "{461AA975-CCB9-4606-AB84-60D1B2669FDB}"
EndProject
Global
	GlobalSection(SolutionConfigurationPlatforms) = preSolution
		Debug|Any CPU = Debug|Any CPU
		Release|Any CPU = Release|Any CPU
	EndGlobalSection
	GlobalSection(ProjectConfigurationPlatforms) = postSolution
		{461AA975-CCB9-4606-AB84-60D1B2669FDB}.Debug|Any CPU.ActiveCfg = Debug|Any CPU
		{461AA975-CCB9-4606-AB84-60D1B2669FDB}.Debug|Any CPU.Build.0 = Debug|Any CPU
		{461AA975-CCB9-4606-AB84-60D1B2669FDB}.Release|Any CPU.ActiveCfg = Release|Any CPU
		{461AA975-CCB9-4606-AB84-60D1B2669FDB}.Release|Any CPU.Build.0 = Release|Any CPU
	EndGlobalSection
	GlobalSection(SolutionProperties) = preSolution
		HideSolutionNode = FALSE
	EndGlobalSection
	GlobalSection(ExtensibilityGlobals) = postSolution
		SolutionGuid = {A1495203-E19A-4848-A20C-45A1BBBEF590}
	EndGlobalSection
EndGlobal
